
Microsoft Visual Studio Solution File, Format Version 12.00
# Visual Studio Version 17
VisualStudioVersion = 17.0.31912.275
MinimumVisualStudioVersion = 10.0.40219.1
Project("{FAE04EC0-301F-11D3-BF4B-00C04F79EFBC}") = "calculator", "calculator\calculator.csproj", "{B34252E9-B26E-43A4-BD4F-DE1F25505D6E}"
EndProject
Global
	GlobalSection(SolutionConfigurationPlatforms) = preSolution
		Debug|Any CPU = Debug|Any CPU
		Release|Any CPU = Release|Any CPU
	EndGlobalSection
	GlobalSection(ProjectConfigurationPlatforms) = postSolution
		{B34252E9-B26E-43A4-BD4F-DE1F25505D6E}.Debug|Any CPU.ActiveCfg = Debug|Any CPU
		{B34252E9-B26E-43A4-BD4F-DE1F25505D6E}.Debug|Any CPU.Build.0 = Debug|Any CPU
		{B34252E9-B26E-43A4-BD4F-DE1F25505D6E}.Release|Any CPU.ActiveCfg = Release|Any CPU
		{B34252E9-B26E-43A4-BD4F-DE1F25505D6E}.Release|Any CPU.Build.0 = Release|Any CPU
	EndGlobalSection
	GlobalSection(SolutionProperties) = preSolution
		HideSolutionNode = FALSE
	EndGlobalSection
	GlobalSection(ExtensibilityGlobals) = postSolution
		SolutionGuid = {AE7DBA9E-4DFA-422D-8F05-79EA39361FDD}
	EndGlobalSection
EndGlobal
